
Microsoft Visual Studio Solution File, Format Version 12.00
# Visual Studio 15
Project("{FAE04EC0-301F-11D3-BF4B-00C04F79EFBC}") = "Assembly-CSharp", "Assembly-CSharp.csproj", "{9BD9CA59-791B-AB22-9FC4-C048DD5DEC1B}"
EndProject
Project("{FAE04EC0-301F-11D3-BF4B-00C04F79EFBC}") = "Assembly-CSharp-firstpass", "Assembly-CSharp-firstpass.csproj", "{207017AB-EDA0-2F90-222D-67120570CDB5}"
EndProject
Global
	GlobalSection(SolutionConfigurationPlatforms) = preSolution
		Debug|Any CPU = Debug|Any CPU
		Release|Any CPU = Release|Any CPU
	EndGlobalSection
	GlobalSection(ProjectConfigurationPlatforms) = postSolution
		{9BD9CA59-791B-AB22-9FC4-C048DD5DEC1B}.Debug|Any CPU.ActiveCfg = Debug|Any CPU
		{9BD9CA59-791B-AB22-9FC4-C048DD5DEC1B}.Debug|Any CPU.Build.0 = Debug|Any CPU
		{9BD9CA59-791B-AB22-9FC4-C048DD5DEC1B}.Release|Any CPU.ActiveCfg = Release|Any CPU
		{9BD9CA59-791B-AB22-9FC4-C048DD5DEC1B}.Release|Any CPU.Build.0 = Release|Any CPU
		{207017AB-EDA0-2F90-222D-67120570CDB5}.Debug|Any CPU.ActiveCfg = Debug|Any CPU
		{207017AB-EDA0-2F90-222D-67120570CDB5}.Debug|Any CPU.Build.0 = Debug|Any CPU
		{207017AB-EDA0-2F90-222D-67120570CDB5}.Release|Any CPU.ActiveCfg = Release|Any CPU
		{207017AB-EDA0-2F90-222D-67120570CDB5}.Release|Any CPU.Build.0 = Release|Any CPU
	EndGlobalSection
	GlobalSection(SolutionProperties) = preSolution
		HideSolutionNode = FALSE
	EndGlobalSection
EndGlobal
